
Microsoft Visual Studio Solution File, Format Version 12.00
# Visual Studio 2013
VisualStudioVersion = 12.0.21005.1
MinimumVisualStudioVersion = 10.0.40219.1
Project("{FAE04EC0-301F-11D3-BF4B-00C04F79EFBC}") = "PrettyGirl", "PrettyGirl\PrettyGirl.csproj", "{FCF65822-587F-4085-8EAE-2E8910B8FF2C}"
EndProject
Global
	GlobalSection(SolutionConfigurationPlatforms) = preSolution
		Debug|Any CPU = Debug|Any CPU
		Release|Any CPU = Release|Any CPU
	EndGlobalSection
	GlobalSection(ProjectConfigurationPlatforms) = postSolution
		{FCF65822-587F-4085-8EAE-2E8910B8FF2C}.Debug|Any CPU.ActiveCfg = Debug|Any CPU
		{FCF65822-587F-4085-8EAE-2E8910B8FF2C}.Debug|Any CPU.Build.0 = Debug|Any CPU
		{FCF65822-587F-4085-8EAE-2E8910B8FF2C}.Release|Any CPU.ActiveCfg = Release|Any CPU
		{FCF65822-587F-4085-8EAE-2E8910B8FF2C}.Release|Any CPU.Build.0 = Release|Any CPU
	EndGlobalSection
	GlobalSection(SolutionProperties) = preSolution
		HideSolutionNode = FALSE
	EndGlobalSection
EndGlobal
